
Microsoft Visual Studio Solution File, Format Version 12.00
# Visual Studio Version 16
VisualStudioVersion = 16.0.30413.136
MinimumVisualStudioVersion = 10.0.40219.1
Project("{FAE04EC0-301F-11D3-BF4B-00C04F79EFBC}") = "Klasside_loomine", "Klasside_loomine.csproj", "{F406162C-3C19-4425-89D2-A79ED5E1F9F4}"
EndProject
Global
	GlobalSection(SolutionConfigurationPlatforms) = preSolution
		Debug|Any CPU = Debug|Any CPU
		Release|Any CPU = Release|Any CPU
	EndGlobalSection
	GlobalSection(ProjectConfigurationPlatforms) = postSolution
		{F406162C-3C19-4425-89D2-A79ED5E1F9F4}.Debug|Any CPU.ActiveCfg = Debug|Any CPU
		{F406162C-3C19-4425-89D2-A79ED5E1F9F4}.Debug|Any CPU.Build.0 = Debug|Any CPU
		{F406162C-3C19-4425-89D2-A79ED5E1F9F4}.Release|Any CPU.ActiveCfg = Release|Any CPU
		{F406162C-3C19-4425-89D2-A79ED5E1F9F4}.Release|Any CPU.Build.0 = Release|Any CPU
	EndGlobalSection
	GlobalSection(SolutionProperties) = preSolution
		HideSolutionNode = FALSE
	EndGlobalSection
	GlobalSection(ExtensibilityGlobals) = postSolution
		SolutionGuid = {B3409C22-9F91-4527-8001-85CAE74D0323}
	EndGlobalSection
EndGlobal
